
Microsoft Visual Studio Solution File, Format Version 12.00
# Visual Studio Version 17
VisualStudioVersion = 17.10.34916.146
MinimumVisualStudioVersion = 10.0.40219.1
Project("{FAE04EC0-301F-11D3-BF4B-00C04F79EFBC}") = "product -app", "product -app.csproj", "{94597636-0FAD-482D-A19A-E95BEC7312C2}"
EndProject
Global
	GlobalSection(SolutionConfigurationPlatforms) = preSolution
		Debug|Any CPU = Debug|Any CPU
		Release|Any CPU = Release|Any CPU
	EndGlobalSection
	GlobalSection(ProjectConfigurationPlatforms) = postSolution
		{94597636-0FAD-482D-A19A-E95BEC7312C2}.Debug|Any CPU.ActiveCfg = Debug|Any CPU
		{94597636-0FAD-482D-A19A-E95BEC7312C2}.Debug|Any CPU.Build.0 = Debug|Any CPU
		{94597636-0FAD-482D-A19A-E95BEC7312C2}.Release|Any CPU.ActiveCfg = Release|Any CPU
		{94597636-0FAD-482D-A19A-E95BEC7312C2}.Release|Any CPU.Build.0 = Release|Any CPU
	EndGlobalSection
	GlobalSection(SolutionProperties) = preSolution
		HideSolutionNode = FALSE
	EndGlobalSection
	GlobalSection(ExtensibilityGlobals) = postSolution
		SolutionGuid = {EE32AE73-9F47-4589-ABA8-102CE9F2A3D5}
	EndGlobalSection
EndGlobal
